// !$*UTF8*$!
{
	archiveVersion = 1;
	classes = {
	};
	objectVersion = 56;
	objects = {

/* Begin PBXBuildFile section */
		EC5E42652A8280600027C607 /* LandmarksApp.swift in Sources */ = {isa = PBXBuildFile; fileRef = EC5E42642A8280600027C607 /* LandmarksApp.swift */; };
		EC5E42672A8280600027C607 /* ContentView.swift in Sources */ = {isa = PBXBuildFile; fileRef = EC5E42662A8280600027C607 /* ContentView.swift */; };
		EC5E42692A8280620027C607 /* Assets.xcassets in Resources */ = {isa = PBXBuildFile; fileRef = EC5E42682A8280620027C607 /* Assets.xcassets */; };
		EC5E426C2A8280620027C607 /* Preview Assets.xcassets in Resources */ = {isa = PBXBuildFile; fileRef = EC5E426B2A8280620027C607 /* Preview Assets.xcassets */; };
		EC5E42762A8280620027C607 /* LandmarksTests.swift in Sources */ = {isa = PBXBuildFile; fileRef = EC5E42752A8280620027C607 /* LandmarksTests.swift */; };
		EC5E42802A8280620027C607 /* LandmarksUITests.swift in Sources */ = {isa = PBXBuildFile; fileRef = EC5E427F2A8280620027C607 /* LandmarksUITests.swift */; };
		EC5E42822A8280620027C607 /* LandmarksUITestsLaunchTests.swift in Sources */ = {isa = PBXBuildFile; fileRef = EC5E42812A8280620027C607 /* LandmarksUITestsLaunchTests.swift */; };
		EC5E428F2A82F6410027C607 /* CircleImage.swift in Sources */ = {isa = PBXBuildFile; fileRef = EC5E428E2A82F6410027C607 /* CircleImage.swift */; };
		EC5E42912A82F9C80027C607 /* MapView.swift in Sources */ = {isa = PBXBuildFile; fileRef = EC5E42902A82F9C80027C607 /* MapView.swift */; };
		ECF418EC2A843C0100DC43D7 /* Landmark.swift in Sources */ = {isa = PBXBuildFile; fileRef = ECF418EB2A843C0100DC43D7 /* Landmark.swift */; };
		ECF418EE2A843EE800DC43D7 /* ModelData.swift in Sources */ = {isa = PBXBuildFile; fileRef = ECF418ED2A843EE800DC43D7 /* ModelData.swift */; };
		ECF418F62A84413E00DC43D7 /* landmarkData.json in Resources */ = {isa = PBXBuildFile; fileRef = ECF418F52A84413E00DC43D7 /* landmarkData.json */; };
		ECF418FA2A8442FE00DC43D7 /* LandmarkRow.swift in Sources */ = {isa = PBXBuildFile; fileRef = ECF418F92A8442FE00DC43D7 /* LandmarkRow.swift */; };
		ECF418FC2A844DC700DC43D7 /* LandmarkList.swift in Sources */ = {isa = PBXBuildFile; fileRef = ECF418FB2A844DC700DC43D7 /* LandmarkList.swift */; };
		ECF418FE2A8453FF00DC43D7 /* LandmarkDetail.swift in Sources */ = {isa = PBXBuildFile; fileRef = ECF418FD2A8453FE00DC43D7 /* LandmarkDetail.swift */; };
/* End PBXBuildFile section */

/* Begin PBXContainerItemProxy section */
		EC5E42722A8280620027C607 /* PBXContainerItemProxy */ = {
			isa = PBXContainerItemProxy;
			containerPortal = EC5E42592A82805F0027C607 /* Project object */;
			proxyType = 1;
			remoteGlobalIDString = EC5E42602A8280600027C607;
			remoteInfo = Landmarks;
		};
		EC5E427C2A8280620027C607 /* PBXContainerItemProxy */ = {
			isa = PBXContainerItemProxy;
			containerPortal = EC5E42592A82805F0027C607 /* Project object */;
			proxyType = 1;
			remoteGlobalIDString = EC5E42602A8280600027C607;
			remoteInfo = Landmarks;
		};
/* End PBXContainerItemProxy section */

/* Begin PBXFileReference section */
		EC5E42612A8280600027C607 /* Landmarks.app */ = {isa = PBXFileReference; explicitFileType = wrapper.application; includeInIndex = 0; path = Landmarks.app; sourceTree = BUILT_PRODUCTS_DIR; };
		EC5E42642A8280600027C607 /* LandmarksApp.swift */ = {isa = PBXFileReference; lastKnownFileType = sourcecode.swift; path = LandmarksApp.swift; sourceTree = "<group>"; };
		EC5E42662A8280600027C607 /* ContentView.swift */ = {isa = PBXFileReference; lastKnownFileType = sourcecode.swift; path = ContentView.swift; sourceTree = "<group>"; };
		EC5E42682A8280620027C607 /* Assets.xcassets */ = {isa = PBXFileReference; lastKnownFileType = folder.assetcatalog; path = Assets.xcassets; sourceTree = "<group>"; };
		EC5E426B2A8280620027C607 /* Preview Assets.xcassets */ = {isa = PBXFileReference; lastKnownFileType = folder.assetcatalog; path = "Preview Assets.xcassets"; sourceTree = "<group>"; };
		EC5E42712A8280620027C607 /* LandmarksTests.xctest */ = {isa = PBXFileReference; explicitFileType = wrapper.cfbundle; includeInIndex = 0; path = LandmarksTests.xctest; sourceTree = BUILT_PRODUCTS_DIR; };
		EC5E42752A8280620027C607 /* LandmarksTests.swift */ = {isa = PBXFileReference; lastKnownFileType = sourcecode.swift; path = LandmarksTests.swift; sourceTree = "<group>"; };
		EC5E427B2A8280620027C607 /* LandmarksUITests.xctest */ = {isa = PBXFileReference; explicitFileType = wrapper.cfbundle; includeInIndex = 0; path = LandmarksUITests.xctest; sourceTree = BUILT_PRODUCTS_DIR; };
		EC5E427F2A8280620027C607 /* LandmarksUITests.swift */ = {isa = PBXFileReference; lastKnownFileType = sourcecode.swift; path = LandmarksUITests.swift; sourceTree = "<group>"; };
		EC5E42812A8280620027C607 /* LandmarksUITestsLaunchTests.swift */ = {isa = PBXFileReference; lastKnownFileType = sourcecode.swift; path = LandmarksUITestsLaunchTests.swift; sourceTree = "<group>"; };
		EC5E428E2A82F6410027C607 /* CircleImage.swift */ = {isa = PBXFileReference; lastKnownFileType = sourcecode.swift; path = CircleImage.swift; sourceTree = "<group>"; };
		EC5E42902A82F9C80027C607 /* MapView.swift */ = {isa = PBXFileReference; lastKnownFileType = sourcecode.swift; path = MapView.swift; sourceTree = "<group>"; };
		ECF418EB2A843C0100DC43D7 /* Landmark.swift */ = {isa = PBXFileReference; lastKnownFileType = sourcecode.swift; path = Landmark.swift; sourceTree = "<group>"; };
		ECF418ED2A843EE800DC43D7 /* ModelData.swift */ = {isa = PBXFileReference; lastKnownFileType = sourcecode.swift; path = ModelData.swift; sourceTree = "<group>"; };
		ECF418F52A84413E00DC43D7 /* landmarkData.json */ = {isa = PBXFileReference; fileEncoding = 4; lastKnownFileType = text.json; path = landmarkData.json; sourceTree = "<group>"; };
		ECF418F92A8442FE00DC43D7 /* LandmarkRow.swift */ = {isa = PBXFileReference; lastKnownFileType = sourcecode.swift; path = LandmarkRow.swift; sourceTree = "<group>"; };
		ECF418FB2A844DC700DC43D7 /* LandmarkList.swift */ = {isa = PBXFileReference; lastKnownFileType = sourcecode.swift; path = LandmarkList.swift; sourceTree = "<group>"; };
		ECF418FD2A8453FE00DC43D7 /* LandmarkDetail.swift */ = {isa = PBXFileReference; lastKnownFileType = sourcecode.swift; path = LandmarkDetail.swift; sourceTree = "<group>"; };
/* End PBXFileReference section */

/* Begin PBXFrameworksBuildPhase section */
		EC5E425E2A8280600027C607 /* Frameworks */ = {
			isa = PBXFrameworksBuildPhase;
			buildActionMask = 2147483647;
			files = (
			);
			runOnlyForDeploymentPostprocessing = 0;
		};
		EC5E426E2A8280620027C607 /* Frameworks */ = {
			isa = PBXFrameworksBuildPhase;
			buildActionMask = 2147483647;
			files = (
			);
			runOnlyForDeploymentPostprocessing = 0;
		};
		EC5E42782A8280620027C607 /* Frameworks */ = {
			isa = PBXFrameworksBuildPhase;
			buildActionMask = 2147483647;
			files = (
			);
			runOnlyForDeploymentPostprocessing = 0;
		};
/* End PBXFrameworksBuildPhase section */

/* Begin PBXGroup section */
		EC5E42582A82805F0027C607 = {
			isa = PBXGroup;
			children = (
				EC5E42632A8280600027C607 /* Landmarks */,
				EC5E42742A8280620027C607 /* LandmarksTests */,
				EC5E427E2A8280620027C607 /* LandmarksUITests */,
				EC5E42622A8280600027C607 /* Products */,
			);
			sourceTree = "<group>";
		};
		EC5E42622A8280600027C607 /* Products */ = {
			isa = PBXGroup;
			children = (
				EC5E42612A8280600027C607 /* Landmarks.app */,
				EC5E42712A8280620027C607 /* LandmarksTests.xctest */,
				EC5E427B2A8280620027C607 /* LandmarksUITests.xctest */,
			);
			name = Products;
			sourceTree = "<group>";
		};
		EC5E42632A8280600027C607 /* Landmarks */ = {
			isa = PBXGroup;
			children = (
				EC5E42682A8280620027C607 /* Assets.xcassets */,
				EC5E42642A8280600027C607 /* LandmarksApp.swift */,
				ECF418F72A8441B900DC43D7 /* Model */,
				EC5E426A2A8280620027C607 /* Preview Content */,
				ECF418F42A84412300DC43D7 /* Resources */,
				ECF418F12A8440C600DC43D7 /* Views  */,
			);
			path = Landmarks;
			sourceTree = "<group>";
		};
		EC5E426A2A8280620027C607 /* Preview Content */ = {
			isa = PBXGroup;
			children = (
				EC5E426B2A8280620027C607 /* Preview Assets.xcassets */,
			);
			path = "Preview Content";
			sourceTree = "<group>";
		};
		EC5E42742A8280620027C607 /* LandmarksTests */ = {
			isa = PBXGroup;
			children = (
				EC5E42752A8280620027C607 /* LandmarksTests.swift */,
			);
			path = LandmarksTests;
			sourceTree = "<group>";
		};
		EC5E427E2A8280620027C607 /* LandmarksUITests */ = {
			isa = PBXGroup;
			children = (
				EC5E427F2A8280620027C607 /* LandmarksUITests.swift */,
				EC5E42812A8280620027C607 /* LandmarksUITestsLaunchTests.swift */,
			);
			path = LandmarksUITests;
			sourceTree = "<group>";
		};
		ECF418F12A8440C600DC43D7 /* Views  */ = {
			isa = PBXGroup;
			children = (
				EC5E42662A8280600027C607 /* ContentView.swift */,
				EC5E428E2A82F6410027C607 /* CircleImage.swift */,
				EC5E42902A82F9C80027C607 /* MapView.swift */,
				ECF418F92A8442FE00DC43D7 /* LandmarkRow.swift */,
				ECF418FB2A844DC700DC43D7 /* LandmarkList.swift */,
				ECF418FD2A8453FE00DC43D7 /* LandmarkDetail.swift */,
			);
			path = "Views ";
			sourceTree = "<group>";
		};
		ECF418F42A84412300DC43D7 /* Resources */ = {
			isa = PBXGroup;
			children = (
				ECF418F52A84413E00DC43D7 /* landmarkData.json */,
			);
			path = Resources;
			sourceTree = "<group>";
		};
		ECF418F72A8441B900DC43D7 /* Model */ = {
			isa = PBXGroup;
			children = (
				ECF418EB2A843C0100DC43D7 /* Landmark.swift */,
				ECF418ED2A843EE800DC43D7 /* ModelData.swift */,
			);
			path = Model;
			sourceTree = "<group>";
		};
/* End PBXGroup section */

/* Begin PBXNativeTarget section */
		EC5E42602A8280600027C607 /* Landmarks */ = {
			isa = PBXNativeTarget;
			buildConfigurationList = EC5E42852A8280620027C607 /* Build configuration list for PBXNativeTarget "Landmarks" */;
			buildPhases = (
				EC5E425D2A8280600027C607 /* Sources */,
				EC5E425E2A8280600027C607 /* Frameworks */,
				EC5E425F2A8280600027C607 /* Resources */,
			);
			buildRules = (
			);
			dependencies = (
			);
			name = Landmarks;
			productName = Landmarks;
			productReference = EC5E42612A8280600027C607 /* Landmarks.app */;
			productType = "com.apple.product-type.application";
		};
		EC5E42702A8280620027C607 /* LandmarksTests */ = {
			isa = PBXNativeTarget;
			buildConfigurationList = EC5E42882A8280620027C607 /* Build configuration list for PBXNativeTarget "LandmarksTests" */;
			buildPhases = (
				EC5E426D2A8280620027C607 /* Sources */,
				EC5E426E2A8280620027C607 /* Frameworks */,
				EC5E426F2A8280620027C607 /* Resources */,
			);
			buildRules = (
			);
			dependencies = (
				EC5E42732A8280620027C607 /* PBXTargetDependency */,
			);
			name = LandmarksTests;
			productName = LandmarksTests;
			productReference = EC5E42712A8280620027C607 /* LandmarksTests.xctest */;
			productType = "com.apple.product-type.bundle.unit-test";
		};
		EC5E427A2A8280620027C607 /* LandmarksUITests */ = {
			isa = PBXNativeTarget;
			buildConfigurationList = EC5E428B2A8280620027C607 /* Build configuration list for PBXNativeTarget "LandmarksUITests" */;
			buildPhases = (
				EC5E42772A8280620027C607 /* Sources */,
				EC5E42782A8280620027C607 /* Frameworks */,
				EC5E42792A8280620027C607 /* Resources */,
			);
			buildRules = (
			);
			dependencies = (
				EC5E427D2A8280620027C607 /* PBXTargetDependency */,
			);
			name = LandmarksUITests;
			productName = LandmarksUITests;
			productReference = EC5E427B2A8280620027C607 /* LandmarksUITests.xctest */;
			productType = "com.apple.product-type.bundle.ui-testing";
		};
/* End PBXNativeTarget section */

/* Begin PBXProject section */
		EC5E42592A82805F0027C607 /* Project object */ = {
			isa = PBXProject;
			attributes = {
				BuildIndependentTargetsInParallel = 1;
				LastSwiftUpdateCheck = 1430;
				LastUpgradeCheck = 1430;
				TargetAttributes = {
					EC5E42602A8280600027C607 = {
						CreatedOnToolsVersion = 14.3.1;
					};
					EC5E42702A8280620027C607 = {
						CreatedOnToolsVersion = 14.3.1;
						TestTargetID = EC5E42602A8280600027C607;
					};
					EC5E427A2A8280620027C607 = {
						CreatedOnToolsVersion = 14.3.1;
						TestTargetID = EC5E42602A8280600027C607;
					};
				};
			};
			buildConfigurationList = EC5E425C2A8280600027C607 /* Build configuration list for PBXProject "Landmarks" */;
			compatibilityVersion = "Xcode 14.0";
			developmentRegion = en;
			hasScannedForEncodings = 0;
			knownRegions = (
				en,
				Base,
			);
			mainGroup = EC5E42582A82805F0027C607;
			productRefGroup = EC5E42622A8280600027C607 /* Products */;
			projectDirPath = "";
			projectRoot = "";
			targets = (
				EC5E42602A8280600027C607 /* Landmarks */,
				EC5E42702A8280620027C607 /* LandmarksTests */,
				EC5E427A2A8280620027C607 /* LandmarksUITests */,
			);
		};
/* End PBXProject section */

/* Begin PBXResourcesBuildPhase section */
		EC5E425F2A8280600027C607 /* Resources */ = {
			isa = PBXResourcesBuildPhase;
			buildActionMask = 2147483647;
			files = (
				EC5E426C2A8280620027C607 /* Preview Assets.xcassets in Resources */,
				EC5E42692A8280620027C607 /* Assets.xcassets in Resources */,
				ECF418F62A84413E00DC43D7 /* landmarkData.json in Resources */,
			);
			runOnlyForDeploymentPostprocessing = 0;
		};
		EC5E426F2A8280620027C607 /* Resources */ = {
			isa = PBXResourcesBuildPhase;
			buildActionMask = 2147483647;
			files = (
			);
			runOnlyForDeploymentPostprocessing = 0;
		};
		EC5E42792A8280620027C607 /* Resources */ = {
			isa = PBXResourcesBuildPhase;
			buildActionMask = 2147483647;
			files = (
			);
			runOnlyForDeploymentPostprocessing = 0;
		};
/* End PBXResourcesBuildPhase section */

/* Begin PBXSourcesBuildPhase section */
		EC5E425D2A8280600027C607 /* Sources */ = {
			isa = PBXSourcesBuildPhase;
			buildActionMask = 2147483647;
			files = (
				EC5E42672A8280600027C607 /* ContentView.swift in Sources */,
				EC5E42912A82F9C80027C607 /* MapView.swift in Sources */,
				EC5E42652A8280600027C607 /* LandmarksApp.swift in Sources */,
				ECF418FC2A844DC700DC43D7 /* LandmarkList.swift in Sources */,
				ECF418FE2A8453FF00DC43D7 /* LandmarkDetail.swift in Sources */,
				EC5E428F2A82F6410027C607 /* CircleImage.swift in Sources */,
				ECF418EC2A843C0100DC43D7 /* Landmark.swift in Sources */,
				ECF418FA2A8442FE00DC43D7 /* LandmarkRow.swift in Sources */,
				ECF418EE2A843EE800DC43D7 /* ModelData.swift in Sources */,
			);
			runOnlyForDeploymentPostprocessing = 0;
		};
		EC5E426D2A8280620027C607 /* Sources */ = {
			isa = PBXSourcesBuildPhase;
			buildActionMask = 2147483647;
			files = (
				EC5E42762A8280620027C607 /* LandmarksTests.swift in Sources */,
			);
			runOnlyForDeploymentPostprocessing = 0;
		};
		EC5E42772A8280620027C607 /* Sources */ = {
			isa = PBXSourcesBuildPhase;
			buildActionMask = 2147483647;
			files = (
				EC5E42822A8280620027C607 /* LandmarksUITestsLaunchTests.swift in Sources */,
				EC5E42802A8280620027C607 /* LandmarksUITests.swift in Sources */,
			);
			runOnlyForDeploymentPostprocessing = 0;
		};
/* End PBXSourcesBuildPhase section */

/* Begin PBXTargetDependency section */
		EC5E42732A8280620027C607 /* PBXTargetDependency */ = {
			isa = PBXTargetDependency;
			target = EC5E42602A8280600027C607 /* Landmarks */;
			targetProxy = EC5E42722A8280620027C607 /* PBXContainerItemProxy */;
		};
		EC5E427D2A8280620027C607 /* PBXTargetDependency */ = {
			isa = PBXTargetDependency;
			target = EC5E42602A8280600027C607 /* Landmarks */;
			targetProxy = EC5E427C2A8280620027C607 /* PBXContainerItemProxy */;
		};
/* End PBXTargetDependency section */

/* Begin XCBuildConfiguration section */
		EC5E42832A8280620027C607 /* Debug */ = {
			isa = XCBuildConfiguration;
			buildSettings = {
				ALWAYS_SEARCH_USER_PATHS = NO;
				CLANG_ANALYZER_NONNULL = YES;
				CLANG_ANALYZER_NUMBER_OBJECT_CONVERSION = YES_AGGRESSIVE;
				CLANG_CXX_LANGUAGE_STANDARD = "gnu++20";
				CLANG_ENABLE_MODULES = YES;
				CLANG_ENABLE_OBJC_ARC = YES;
				CLANG_ENABLE_OBJC_WEAK = YES;
				CLANG_WARN_BLOCK_CAPTURE_AUTORELEASING = YES;
				CLANG_WARN_BOOL_CONVERSION = YES;
				CLANG_WARN_COMMA = YES;
				CLANG_WARN_CONSTANT_CONVERSION = YES;
				CLANG_WARN_DEPRECATED_OBJC_IMPLEMENTATIONS = YES;
				CLANG_WARN_DIRECT_OBJC_ISA_USAGE = YES_ERROR;
				CLANG_WARN_DOCUMENTATION_COMMENTS = YES;
				CLANG_WARN_EMPTY_BODY = YES;
				CLANG_WARN_ENUM_CONVERSION = YES;
				CLANG_WARN_INFINITE_RECURSION = YES;
				CLANG_WARN_INT_CONVERSION = YES;
				CLANG_WARN_NON_LITERAL_NULL_CONVERSION = YES;
				CLANG_WARN_OBJC_IMPLICIT_RETAIN_SELF = YES;
				CLANG_WARN_OBJC_LITERAL_CONVERSION = YES;
				CLANG_WARN_OBJC_ROOT_CLASS = YES_ERROR;
				CLANG_WARN_QUOTED_INCLUDE_IN_FRAMEWORK_HEADER = YES;
				CLANG_WARN_RANGE_LOOP_ANALYSIS = YES;
				CLANG_WARN_STRICT_PROTOTYPES = YES;
				CLANG_WARN_SUSPICIOUS_MOVE = YES;
				CLANG_WARN_UNGUARDED_AVAILABILITY = YES_AGGRESSIVE;
				CLANG_WARN_UNREACHABLE_CODE = YES;
				CLANG_WARN__DUPLICATE_METHOD_MATCH = YES;
				COPY_PHASE_STRIP = NO;
				DEBUG_INFORMATION_FORMAT = dwarf;
				ENABLE_STRICT_OBJC_MSGSEND = YES;
				ENABLE_TESTABILITY = YES;
				GCC_C_LANGUAGE_STANDARD = gnu11;
				GCC_DYNAMIC_NO_PIC = NO;
				GCC_NO_COMMON_BLOCKS = YES;
				GCC_OPTIMIZATION_LEVEL = 0;
				GCC_PREPROCESSOR_DEFINITIONS = (
					"DEBUG=1",
					"$(inherited)",
				);
				GCC_WARN_64_TO_32_BIT_CONVERSION = YES;
				GCC_WARN_ABOUT_RETURN_TYPE = YES_ERROR;
				GCC_WARN_UNDECLARED_SELECTOR = YES;
				GCC_WARN_UNINITIALIZED_AUTOS = YES_AGGRESSIVE;
				GCC_WARN_UNUSED_FUNCTION = YES;
				GCC_WARN_UNUSED_VARIABLE = YES;
				IPHONEOS_DEPLOYMENT_TARGET = 16.4;
				MTL_ENABLE_DEBUG_INFO = INCLUDE_SOURCE;
				MTL_FAST_MATH = YES;
				ONLY_ACTIVE_ARCH = YES;
				SDKROOT = iphoneos;
				SWIFT_ACTIVE_COMPILATION_CONDITIONS = DEBUG;
				SWIFT_OPTIMIZATION_LEVEL = "-Onone";
			};
			name = Debug;
		};
		EC5E42842A8280620027C607 /* Release */ = {
			isa = XCBuildConfiguration;
			buildSettings = {
				ALWAYS_SEARCH_USER_PATHS = NO;
				CLANG_ANALYZER_NONNULL = YES;
				CLANG_ANALYZER_NUMBER_OBJECT_CONVERSION = YES_AGGRESSIVE;
				CLANG_CXX_LANGUAGE_STANDARD = "gnu++20";
				CLANG_ENABLE_MODULES = YES;
				CLANG_ENABLE_OBJC_ARC = YES;
				CLANG_ENABLE_OBJC_WEAK = YES;
				CLANG_WARN_BLOCK_CAPTURE_AUTORELEASING = YES;
				CLANG_WARN_BOOL_CONVERSION = YES;
				CLANG_WARN_COMMA = YES;
				CLANG_WARN_CONSTANT_CONVERSION = YES;
				CLANG_WARN_DEPRECATED_OBJC_IMPLEMENTATIONS = YES;
				CLANG_WARN_DIRECT_OBJC_ISA_USAGE = YES_ERROR;
				CLANG_WARN_DOCUMENTATION_COMMENTS = YES;
				CLANG_WARN_EMPTY_BODY = YES;
				CLANG_WARN_ENUM_CONVERSION = YES;
				CLANG_WARN_INFINITE_RECURSION = YES;
				CLANG_WARN_INT_CONVERSION = YES;
				CLANG_WARN_NON_LITERAL_NULL_CONVERSION = YES;
				CLANG_WARN_OBJC_IMPLICIT_RETAIN_SELF = YES;
				CLANG_WARN_OBJC_LITERAL_CONVERSION = YES;
				CLANG_WARN_OBJC_ROOT_CLASS = YES_ERROR;
				CLANG_WARN_QUOTED_INCLUDE_IN_FRAMEWORK_HEADER = YES;
				CLANG_WARN_RANGE_LOOP_ANALYSIS = YES;
				CLANG_WARN_STRICT_PROTOTYPES = YES;
				CLANG_WARN_SUSPICIOUS_MOVE = YES;
				CLANG_WARN_UNGUARDED_AVAILABILITY = YES_AGGRESSIVE;
				CLANG_WARN_UNREACHABLE_CODE = YES;
				CLANG_WARN__DUPLICATE_METHOD_MATCH = YES;
				COPY_PHASE_STRIP = NO;
				DEBUG_INFORMATION_FORMAT = "dwarf-with-dsym";
				ENABLE_NS_ASSERTIONS = NO;
				ENABLE_STRICT_OBJC_MSGSEND = YES;
				GCC_C_LANGUAGE_STANDARD = gnu11;
				GCC_NO_COMMON_BLOCKS = YES;
				GCC_WARN_64_TO_32_BIT_CONVERSION = YES;
				GCC_WARN_ABOUT_RETURN_TYPE = YES_ERROR;
				GCC_WARN_UNDECLARED_SELECTOR = YES;
				GCC_WARN_UNINITIALIZED_AUTOS = YES_AGGRESSIVE;
				GCC_WARN_UNUSED_FUNCTION = YES;
				GCC_WARN_UNUSED_VARIABLE = YES;
				IPHONEOS_DEPLOYMENT_TARGET = 16.4;
				MTL_ENABLE_DEBUG_INFO = NO;
				MTL_FAST_MATH = YES;
				SDKROOT = iphoneos;
				SWIFT_COMPILATION_MODE = wholemodule;
				SWIFT_OPTIMIZATION_LEVEL = "-O";
				VALIDATE_PRODUCT = YES;
			};
			name = Release;
		};
		EC5E42862A8280620027C607 /* Debug */ = {
			isa = XCBuildConfiguration;
			buildSettings = {
				ASSETCATALOG_COMPILER_APPICON_NAME = AppIcon;
				ASSETCATALOG_COMPILER_GLOBAL_ACCENT_COLOR_NAME = AccentColor;
				CODE_SIGN_STYLE = Automatic;
				CURRENT_PROJECT_VERSION = 1;
				DEVELOPMENT_ASSET_PATHS = "\"Landmarks/Preview Content\"";
				ENABLE_PREVIEWS = YES;
				GENERATE_INFOPLIST_FILE = YES;
				INFOPLIST_KEY_UIApplicationSceneManifest_Generation = YES;
				INFOPLIST_KEY_UIApplicationSupportsIndirectInputEvents = YES;
				INFOPLIST_KEY_UILaunchScreen_Generation = YES;
				INFOPLIST_KEY_UISupportedInterfaceOrientations_iPad = "UIInterfaceOrientationPortrait UIInterfaceOrientationPortraitUpsideDown UIInterfaceOrientationLandscapeLeft UIInterfaceOrientationLandscapeRight";
				INFOPLIST_KEY_UISupportedInterfaceOrientations_iPhone = "UIInterfaceOrientationPortrait UIInterfaceOrientationLandscapeLeft UIInterfaceOrientationLandscapeRight";
				LD_RUNPATH_SEARCH_PATHS = (
					"$(inherited)",
					"@executable_path/Frameworks",
				);
				MARKETING_VERSION = 1.0;
				PRODUCT_BUNDLE_IDENTIFIER = com.solutionjweb.Landmarks;
				PRODUCT_NAME = "$(TARGET_NAME)";
				SWIFT_EMIT_LOC_STRINGS = YES;
				SWIFT_VERSION = 5.0;
				TARGETED_DEVICE_FAMILY = "1,2";
			};
			name = Debug;
		};
		EC5E42872A8280620027C607 /* Release */ = {
			isa = XCBuildConfiguration;
			buildSettings = {
				ASSETCATALOG_COMPILER_APPICON_NAME = AppIcon;
				ASSETCATALOG_COMPILER_GLOBAL_ACCENT_COLOR_NAME = AccentColor;
				CODE_SIGN_STYLE = Automatic;
				CURRENT_PROJECT_VERSION = 1;
				DEVELOPMENT_ASSET_PATHS = "\"Landmarks/Preview Content\"";
				ENABLE_PREVIEWS = YES;
				GENERATE_INFOPLIST_FILE = YES;
				INFOPLIST_KEY_UIApplicationSceneManifest_Generation = YES;
				INFOPLIST_KEY_UIApplicationSupportsIndirectInputEvents = YES;
				INFOPLIST_KEY_UILaunchScreen_Generation = YES;
				INFOPLIST_KEY_UISupportedInterfaceOrientations_iPad = "UIInterfaceOrientationPortrait UIInterfaceOrientationPortraitUpsideDown UIInterfaceOrientationLandscapeLeft UIInterfaceOrientationLandscapeRight";
				INFOPLIST_KEY_UISupportedInterfaceOrientations_iPhone = "UIInterfaceOrientationPortrait UIInterfaceOrientationLandscapeLeft UIInterfaceOrientationLandscapeRight";
				LD_RUNPATH_SEARCH_PATHS = (
					"$(inherited)",
					"@executable_path/Frameworks",
				);
				MARKETING_VERSION = 1.0;
				PRODUCT_BUNDLE_IDENTIFIER = com.solutionjweb.Landmarks;
				PRODUCT_NAME = "$(TARGET_NAME)";
				SWIFT_EMIT_LOC_STRINGS = YES;
				SWIFT_VERSION = 5.0;
				TARGETED_DEVICE_FAMILY = "1,2";
			};
			name = Release;
		};
		EC5E42892A8280620027C607 /* Debug */ = {
			isa = XCBuildConfiguration;
			buildSettings = {
				ALWAYS_EMBED_SWIFT_STANDARD_LIBRARIES = YES;
				BUNDLE_LOADER = "$(TEST_HOST)";
				CODE_SIGN_STYLE = Automatic;
				CURRENT_PROJECT_VERSION = 1;
				GENERATE_INFOPLIST_FILE = YES;
				IPHONEOS_DEPLOYMENT_TARGET = 16.4;
				MARKETING_VERSION = 1.0;
				PRODUCT_BUNDLE_IDENTIFIER = com.solutionjweb.LandmarksTests;
				PRODUCT_NAME = "$(TARGET_NAME)";
				SWIFT_EMIT_LOC_STRINGS = NO;
				SWIFT_VERSION = 5.0;
				TARGETED_DEVICE_FAMILY = "1,2";
				TEST_HOST = "$(BUILT_PRODUCTS_DIR)/Landmarks.app/$(BUNDLE_EXECUTABLE_FOLDER_PATH)/Landmarks";
			};
			name = Debug;
		};
		EC5E428A2A8280620027C607 /* Release */ = {
			isa = XCBuildConfiguration;
			buildSettings = {
				ALWAYS_EMBED_SWIFT_STANDARD_LIBRARIES = YES;
				BUNDLE_LOADER = "$(TEST_HOST)";
				CODE_SIGN_STYLE = Automatic;
				CURRENT_PROJECT_VERSION = 1;
				GENERATE_INFOPLIST_FILE = YES;
				IPHONEOS_DEPLOYMENT_TARGET = 16.4;
				MARKETING_VERSION = 1.0;
				PRODUCT_BUNDLE_IDENTIFIER = com.solutionjweb.LandmarksTests;
				PRODUCT_NAME = "$(TARGET_NAME)";
				SWIFT_EMIT_LOC_STRINGS = NO;
				SWIFT_VERSION = 5.0;
				TARGETED_DEVICE_FAMILY = "1,2";
				TEST_HOST = "$(BUILT_PRODUCTS_DIR)/Landmarks.app/$(BUNDLE_EXECUTABLE_FOLDER_PATH)/Landmarks";
			};
			name = Release;
		};
		EC5E428C2A8280620027C607 /* Debug */ = {
			isa = XCBuildConfiguration;
			buildSettings = {
				ALWAYS_EMBED_SWIFT_STANDARD_LIBRARIES = YES;
				CODE_SIGN_STYLE = Automatic;
				CURRENT_PROJECT_VERSION = 1;
				GENERATE_INFOPLIST_FILE = YES;
				MARKETING_VERSION = 1.0;
				PRODUCT_BUNDLE_IDENTIFIER = com.solutionjweb.LandmarksUITests;
				PRODUCT_NAME = "$(TARGET_NAME)";
				SWIFT_EMIT_LOC_STRINGS = NO;
				SWIFT_VERSION = 5.0;
				TARGETED_DEVICE_FAMILY = "1,2";
				TEST_TARGET_NAME = Landmarks;
			};
			name = Debug;
		};
		EC5E428D2A8280620027C607 /* Release */ = {
			isa = XCBuildConfiguration;
			buildSettings = {
				ALWAYS_EMBED_SWIFT_STANDARD_LIBRARIES = YES;
				CODE_SIGN_STYLE = Automatic;
				CURRENT_PROJECT_VERSION = 1;
				GENERATE_INFOPLIST_FILE = YES;
				MARKETING_VERSION = 1.0;
				PRODUCT_BUNDLE_IDENTIFIER = com.solutionjweb.LandmarksUITests;
				PRODUCT_NAME = "$(TARGET_NAME)";
				SWIFT_EMIT_LOC_STRINGS = NO;
				SWIFT_VERSION = 5.0;
				TARGETED_DEVICE_FAMILY = "1,2";
				TEST_TARGET_NAME = Landmarks;
			};
			name = Release;
		};
/* End XCBuildConfiguration section */

/* Begin XCConfigurationList section */
		EC5E425C2A8280600027C607 /* Build configuration list for PBXProject "Landmarks" */ = {
			isa = XCConfigurationList;
			buildConfigurations = (
				EC5E42832A8280620027C607 /* Debug */,
				EC5E42842A8280620027C607 /* Release */,
			);
			defaultConfigurationIsVisible = 0;
			defaultConfigurationName = Release;
		};
		EC5E42852A8280620027C607 /* Build configuration list for PBXNativeTarget "Landmarks" */ = {
			isa = XCConfigurationList;
			buildConfigurations = (
				EC5E42862A8280620027C607 /* Debug */,
				EC5E42872A8280620027C607 /* Release */,
			);
			defaultConfigurationIsVisible = 0;
			defaultConfigurationName = Release;
		};
		EC5E42882A8280620027C607 /* Build configuration list for PBXNativeTarget "LandmarksTests" */ = {
			isa = XCConfigurationList;
			buildConfigurations = (
				EC5E42892A8280620027C607 /* Debug */,
				EC5E428A2A8280620027C607 /* Release */,
			);
			defaultConfigurationIsVisible = 0;
			defaultConfigurationName = Release;
		};
		EC5E428B2A8280620027C607 /* Build configuration list for PBXNativeTarget "LandmarksUITests" */ = {
			isa = XCConfigurationList;
			buildConfigurations = (
				EC5E428C2A8280620027C607 /* Debug */,
				EC5E428D2A8280620027C607 /* Release */,
			);
			defaultConfigurationIsVisible = 0;
			defaultConfigurationName = Release;
		};
/* End XCConfigurationList section */
	};
	rootObject = EC5E42592A82805F0027C607 /* Project object */;
}
